
Microsoft Visual Studio Solution File, Format Version 12.00
# Visual Studio Version 16
VisualStudioVersion = 16.0.30804.86
MinimumVisualStudioVersion = 10.0.40219.1
Project("{9A19103F-16F7-4668-BE54-9A1E7A4F7556}") = "JobManagerClient", "JobManagerClient\JobManagerClient.csproj", "{84A55B83-1D0E-40DC-9BA4-F6738EA306FC}"
EndProject
Project("{FAE04EC0-301F-11D3-BF4B-00C04F79EFBC}") = "JobManager_Server", "JobManager_Server\JobManager_Server.csproj", "{0AA6E174-4E6F-4034-9BD7-DB68A52AA343}"
EndProject
Global
	GlobalSection(SolutionConfigurationPlatforms) = preSolution
		Debug|Any CPU = Debug|Any CPU
		Release|Any CPU = Release|Any CPU
	EndGlobalSection
	GlobalSection(ProjectConfigurationPlatforms) = postSolution
		{84A55B83-1D0E-40DC-9BA4-F6738EA306FC}.Debug|Any CPU.ActiveCfg = Debug|Any CPU
		{84A55B83-1D0E-40DC-9BA4-F6738EA306FC}.Debug|Any CPU.Build.0 = Debug|Any CPU
		{84A55B83-1D0E-40DC-9BA4-F6738EA306FC}.Release|Any CPU.ActiveCfg = Release|Any CPU
		{84A55B83-1D0E-40DC-9BA4-F6738EA306FC}.Release|Any CPU.Build.0 = Release|Any CPU
		{0AA6E174-4E6F-4034-9BD7-DB68A52AA343}.Debug|Any CPU.ActiveCfg = Debug|Any CPU
		{0AA6E174-4E6F-4034-9BD7-DB68A52AA343}.Debug|Any CPU.Build.0 = Debug|Any CPU
		{0AA6E174-4E6F-4034-9BD7-DB68A52AA343}.Release|Any CPU.ActiveCfg = Release|Any CPU
		{0AA6E174-4E6F-4034-9BD7-DB68A52AA343}.Release|Any CPU.Build.0 = Release|Any CPU
	EndGlobalSection
	GlobalSection(SolutionProperties) = preSolution
		HideSolutionNode = FALSE
	EndGlobalSection
	GlobalSection(ExtensibilityGlobals) = postSolution
		SolutionGuid = {219D7579-5553-4027-8524-E39E1C8DF4EA}
	EndGlobalSection
EndGlobal
